// !$*UTF8*$!
{
	archiveVersion = 1;
	classes = {
	};
	objectVersion = 50;
	objects = {

/* Begin PBXBuildFile section */
		412E8DD926BD639000CE44C3 /* InsetMapView.swift in Sources */ = {isa = PBXBuildFile; fileRef = 412E8DD826BD639000CE44C3 /* InsetMapView.swift */; };
		412E8DDB26BD68E700CE44C3 /* ExternalLinkWebView.swift in Sources */ = {isa = PBXBuildFile; fileRef = 412E8DDA26BD68E700CE44C3 /* ExternalLinkWebView.swift */; };
		412E8DDD26BDA8E300CE44C3 /* VideoModel.swift in Sources */ = {isa = PBXBuildFile; fileRef = 412E8DDC26BDA8E300CE44C3 /* VideoModel.swift */; };
		412E8DDF26BDA9FD00CE44C3 /* VideoListItemView.swift in Sources */ = {isa = PBXBuildFile; fileRef = 412E8DDE26BDA9FD00CE44C3 /* VideoListItemView.swift */; };
		412E8DE126BDB1E000CE44C3 /* VideoPlayerView.swift in Sources */ = {isa = PBXBuildFile; fileRef = 412E8DE026BDB1E000CE44C3 /* VideoPlayerView.swift */; };
		412E8DE426BDB35F00CE44C3 /* VideoPlayerHelper.swift in Sources */ = {isa = PBXBuildFile; fileRef = 412E8DE326BDB35F00CE44C3 /* VideoPlayerHelper.swift */; };
		412E8DEF26BDB93200CE44C3 /* gorilla.mp4 in Resources */ = {isa = PBXBuildFile; fileRef = 41DDFFF926BC1297008E5BCC /* gorilla.mp4 */; };
		412E8DF026BDB93300CE44C3 /* zebra.mp4 in Resources */ = {isa = PBXBuildFile; fileRef = 41DDFFFE26BC1299008E5BCC /* zebra.mp4 */; };
		412E8DF126BDB93300CE44C3 /* cheetah.mp4 in Resources */ = {isa = PBXBuildFile; fileRef = 41DDFFF626BC1296008E5BCC /* cheetah.mp4 */; };
		412E8DF226BDB93300CE44C3 /* giraffe.mp4 in Resources */ = {isa = PBXBuildFile; fileRef = 41DDFFF826BC1297008E5BCC /* giraffe.mp4 */; };
		412E8DF326BDB93300CE44C3 /* lion.mp4 in Resources */ = {isa = PBXBuildFile; fileRef = 41DDFFF726BC1296008E5BCC /* lion.mp4 */; };
		412E8DF426BDB93300CE44C3 /* lioness.mp4 in Resources */ = {isa = PBXBuildFile; fileRef = 41DDFFFF26BC1299008E5BCC /* lioness.mp4 */; };
		412E8DF526BDB93300CE44C3 /* hippo.mp4 in Resources */ = {isa = PBXBuildFile; fileRef = 41DDFFFD26BC1298008E5BCC /* hippo.mp4 */; };
		412E8DF626BDB93300CE44C3 /* ostrich.mp4 in Resources */ = {isa = PBXBuildFile; fileRef = 41DDFFFA26BC1297008E5BCC /* ostrich.mp4 */; };
		412E8DF726BDB93300CE44C3 /* rhino.mp4 in Resources */ = {isa = PBXBuildFile; fileRef = 41DDFFFB26BC1298008E5BCC /* rhino.mp4 */; };
		412E8DF826BDB93300CE44C3 /* elephant.mp4 in Resources */ = {isa = PBXBuildFile; fileRef = 41DDFFFC26BC1298008E5BCC /* elephant.mp4 */; };
		412E8DFA26BDEE3700CE44C3 /* LocationModel.swift in Sources */ = {isa = PBXBuildFile; fileRef = 412E8DF926BDEE3700CE44C3 /* LocationModel.swift */; };
		412E8DFC26BDF9D800CE44C3 /* MapAnnotationView.swift in Sources */ = {isa = PBXBuildFile; fileRef = 412E8DFB26BDF9D800CE44C3 /* MapAnnotationView.swift */; };
		41DD000526BC12E2008E5BCC /* animals.json in Resources */ = {isa = PBXBuildFile; fileRef = 41DD000126BC12E2008E5BCC /* animals.json */; };
		41DD000626BC12E2008E5BCC /* covers.json in Resources */ = {isa = PBXBuildFile; fileRef = 41DD000226BC12E2008E5BCC /* covers.json */; };
		41DD000726BC12E2008E5BCC /* videos.json in Resources */ = {isa = PBXBuildFile; fileRef = 41DD000326BC12E2008E5BCC /* videos.json */; };
		41DD000826BC12E2008E5BCC /* locations.json in Resources */ = {isa = PBXBuildFile; fileRef = 41DD000426BC12E2008E5BCC /* locations.json */; };
		41DD000B26BC1517008E5BCC /* VideoListView.swift in Sources */ = {isa = PBXBuildFile; fileRef = 41DD000A26BC1517008E5BCC /* VideoListView.swift */; };
		41DD000D26BC152B008E5BCC /* MapView.swift in Sources */ = {isa = PBXBuildFile; fileRef = 41DD000C26BC152B008E5BCC /* MapView.swift */; };
		41DD000F26BC1545008E5BCC /* GalleryView.swift in Sources */ = {isa = PBXBuildFile; fileRef = 41DD000E26BC1545008E5BCC /* GalleryView.swift */; };
		41DD001126BC155F008E5BCC /* MainView.swift in Sources */ = {isa = PBXBuildFile; fileRef = 41DD001026BC155F008E5BCC /* MainView.swift */; };
		41DD001426BC17F9008E5BCC /* CoverImageView.swift in Sources */ = {isa = PBXBuildFile; fileRef = 41DD001326BC17F9008E5BCC /* CoverImageView.swift */; };
		41DD001726BC1954008E5BCC /* CoverImageModel.swift in Sources */ = {isa = PBXBuildFile; fileRef = 41DD001626BC1954008E5BCC /* CoverImageModel.swift */; };
		41DD001A26BC1A0D008E5BCC /* CodableBundleExtension.swift in Sources */ = {isa = PBXBuildFile; fileRef = 41DD001926BC1A0D008E5BCC /* CodableBundleExtension.swift */; };
		41DD001C26BC3198008E5BCC /* AnimalListItemView.swift in Sources */ = {isa = PBXBuildFile; fileRef = 41DD001B26BC3198008E5BCC /* AnimalListItemView.swift */; };
		41DD001E26BC32E2008E5BCC /* AnimalModel.swift in Sources */ = {isa = PBXBuildFile; fileRef = 41DD001D26BC32E2008E5BCC /* AnimalModel.swift */; };
		41DD002026BD50BC008E5BCC /* AnimalDetailView.swift in Sources */ = {isa = PBXBuildFile; fileRef = 41DD001F26BD50BC008E5BCC /* AnimalDetailView.swift */; };
		41DDFFE726BC0DBE008E5BCC /* AfricaApp.swift in Sources */ = {isa = PBXBuildFile; fileRef = 41DDFFE626BC0DBE008E5BCC /* AfricaApp.swift */; };
		41DDFFE926BC0DBE008E5BCC /* ContentView.swift in Sources */ = {isa = PBXBuildFile; fileRef = 41DDFFE826BC0DBE008E5BCC /* ContentView.swift */; };
		41DDFFEB26BC0DC1008E5BCC /* Assets.xcassets in Resources */ = {isa = PBXBuildFile; fileRef = 41DDFFEA26BC0DC1008E5BCC /* Assets.xcassets */; };
		41DDFFEE26BC0DC1008E5BCC /* Preview Assets.xcassets in Resources */ = {isa = PBXBuildFile; fileRef = 41DDFFED26BC0DC1008E5BCC /* Preview Assets.xcassets */; };
/* End PBXBuildFile section */

/* Begin PBXFileReference section */
		412E8DD826BD639000CE44C3 /* InsetMapView.swift */ = {isa = PBXFileReference; lastKnownFileType = sourcecode.swift; path = InsetMapView.swift; sourceTree = "<group>"; };
		412E8DDA26BD68E700CE44C3 /* ExternalLinkWebView.swift */ = {isa = PBXFileReference; lastKnownFileType = sourcecode.swift; path = ExternalLinkWebView.swift; sourceTree = "<group>"; };
		412E8DDC26BDA8E300CE44C3 /* VideoModel.swift */ = {isa = PBXFileReference; lastKnownFileType = sourcecode.swift; path = VideoModel.swift; sourceTree = "<group>"; };
		412E8DDE26BDA9FD00CE44C3 /* VideoListItemView.swift */ = {isa = PBXFileReference; lastKnownFileType = sourcecode.swift; path = VideoListItemView.swift; sourceTree = "<group>"; };
		412E8DE026BDB1E000CE44C3 /* VideoPlayerView.swift */ = {isa = PBXFileReference; lastKnownFileType = sourcecode.swift; path = VideoPlayerView.swift; sourceTree = "<group>"; };
		412E8DE326BDB35F00CE44C3 /* VideoPlayerHelper.swift */ = {isa = PBXFileReference; lastKnownFileType = sourcecode.swift; path = VideoPlayerHelper.swift; sourceTree = "<group>"; };
		412E8DF926BDEE3700CE44C3 /* LocationModel.swift */ = {isa = PBXFileReference; lastKnownFileType = sourcecode.swift; path = LocationModel.swift; sourceTree = "<group>"; };
		412E8DFB26BDF9D800CE44C3 /* MapAnnotationView.swift */ = {isa = PBXFileReference; lastKnownFileType = sourcecode.swift; path = MapAnnotationView.swift; sourceTree = "<group>"; };
		41DD000126BC12E2008E5BCC /* animals.json */ = {isa = PBXFileReference; fileEncoding = 4; lastKnownFileType = text.json; path = animals.json; sourceTree = "<group>"; };
		41DD000226BC12E2008E5BCC /* covers.json */ = {isa = PBXFileReference; fileEncoding = 4; lastKnownFileType = text.json; path = covers.json; sourceTree = "<group>"; };
		41DD000326BC12E2008E5BCC /* videos.json */ = {isa = PBXFileReference; fileEncoding = 4; lastKnownFileType = text.json; path = videos.json; sourceTree = "<group>"; };
		41DD000426BC12E2008E5BCC /* locations.json */ = {isa = PBXFileReference; fileEncoding = 4; lastKnownFileType = text.json; path = locations.json; sourceTree = "<group>"; };
		41DD000A26BC1517008E5BCC /* VideoListView.swift */ = {isa = PBXFileReference; lastKnownFileType = sourcecode.swift; path = VideoListView.swift; sourceTree = "<group>"; };
		41DD000C26BC152B008E5BCC /* MapView.swift */ = {isa = PBXFileReference; lastKnownFileType = sourcecode.swift; path = MapView.swift; sourceTree = "<group>"; };
		41DD000E26BC1545008E5BCC /* GalleryView.swift */ = {isa = PBXFileReference; lastKnownFileType = sourcecode.swift; path = GalleryView.swift; sourceTree = "<group>"; };
		41DD001026BC155F008E5BCC /* MainView.swift */ = {isa = PBXFileReference; lastKnownFileType = sourcecode.swift; path = MainView.swift; sourceTree = "<group>"; };
		41DD001326BC17F9008E5BCC /* CoverImageView.swift */ = {isa = PBXFileReference; lastKnownFileType = sourcecode.swift; path = CoverImageView.swift; sourceTree = "<group>"; };
		41DD001626BC1954008E5BCC /* CoverImageModel.swift */ = {isa = PBXFileReference; lastKnownFileType = sourcecode.swift; path = CoverImageModel.swift; sourceTree = "<group>"; };
		41DD001926BC1A0D008E5BCC /* CodableBundleExtension.swift */ = {isa = PBXFileReference; lastKnownFileType = sourcecode.swift; path = CodableBundleExtension.swift; sourceTree = "<group>"; };
		41DD001B26BC3198008E5BCC /* AnimalListItemView.swift */ = {isa = PBXFileReference; lastKnownFileType = sourcecode.swift; path = AnimalListItemView.swift; sourceTree = "<group>"; };
		41DD001D26BC32E2008E5BCC /* AnimalModel.swift */ = {isa = PBXFileReference; lastKnownFileType = sourcecode.swift; path = AnimalModel.swift; sourceTree = "<group>"; };
		41DD001F26BD50BC008E5BCC /* AnimalDetailView.swift */ = {isa = PBXFileReference; lastKnownFileType = sourcecode.swift; path = AnimalDetailView.swift; sourceTree = "<group>"; };
		41DDFFE326BC0DBE008E5BCC /* Africa.app */ = {isa = PBXFileReference; explicitFileType = wrapper.application; includeInIndex = 0; path = Africa.app; sourceTree = BUILT_PRODUCTS_DIR; };
		41DDFFE626BC0DBE008E5BCC /* AfricaApp.swift */ = {isa = PBXFileReference; lastKnownFileType = sourcecode.swift; path = AfricaApp.swift; sourceTree = "<group>"; };
		41DDFFE826BC0DBE008E5BCC /* ContentView.swift */ = {isa = PBXFileReference; lastKnownFileType = sourcecode.swift; path = ContentView.swift; sourceTree = "<group>"; };
		41DDFFEA26BC0DC1008E5BCC /* Assets.xcassets */ = {isa = PBXFileReference; lastKnownFileType = folder.assetcatalog; path = Assets.xcassets; sourceTree = "<group>"; };
		41DDFFED26BC0DC1008E5BCC /* Preview Assets.xcassets */ = {isa = PBXFileReference; lastKnownFileType = folder.assetcatalog; path = "Preview Assets.xcassets"; sourceTree = "<group>"; };
		41DDFFEF26BC0DC1008E5BCC /* Info.plist */ = {isa = PBXFileReference; lastKnownFileType = text.plist.xml; path = Info.plist; sourceTree = "<group>"; };
		41DDFFF626BC1296008E5BCC /* cheetah.mp4 */ = {isa = PBXFileReference; lastKnownFileType = file; path = cheetah.mp4; sourceTree = "<group>"; };
		41DDFFF726BC1296008E5BCC /* lion.mp4 */ = {isa = PBXFileReference; lastKnownFileType = file; path = lion.mp4; sourceTree = "<group>"; };
		41DDFFF826BC1297008E5BCC /* giraffe.mp4 */ = {isa = PBXFileReference; lastKnownFileType = file; path = giraffe.mp4; sourceTree = "<group>"; };
		41DDFFF926BC1297008E5BCC /* gorilla.mp4 */ = {isa = PBXFileReference; lastKnownFileType = file; path = gorilla.mp4; sourceTree = "<group>"; };
		41DDFFFA26BC1297008E5BCC /* ostrich.mp4 */ = {isa = PBXFileReference; lastKnownFileType = file; path = ostrich.mp4; sourceTree = "<group>"; };
		41DDFFFB26BC1298008E5BCC /* rhino.mp4 */ = {isa = PBXFileReference; lastKnownFileType = file; path = rhino.mp4; sourceTree = "<group>"; };
		41DDFFFC26BC1298008E5BCC /* elephant.mp4 */ = {isa = PBXFileReference; lastKnownFileType = file; path = elephant.mp4; sourceTree = "<group>"; };
		41DDFFFD26BC1298008E5BCC /* hippo.mp4 */ = {isa = PBXFileReference; lastKnownFileType = file; path = hippo.mp4; sourceTree = "<group>"; };
		41DDFFFE26BC1299008E5BCC /* zebra.mp4 */ = {isa = PBXFileReference; lastKnownFileType = file; path = zebra.mp4; sourceTree = "<group>"; };
		41DDFFFF26BC1299008E5BCC /* lioness.mp4 */ = {isa = PBXFileReference; lastKnownFileType = file; path = lioness.mp4; sourceTree = "<group>"; };
/* End PBXFileReference section */

/* Begin PBXFrameworksBuildPhase section */
		41DDFFE026BC0DBE008E5BCC /* Frameworks */ = {
			isa = PBXFrameworksBuildPhase;
			buildActionMask = 2147483647;
			files = (
			);
			runOnlyForDeploymentPostprocessing = 0;
		};
/* End PBXFrameworksBuildPhase section */

/* Begin PBXGroup section */
		412E8DE226BDB34600CE44C3 /* Helper */ = {
			isa = PBXGroup;
			children = (
				412E8DE326BDB35F00CE44C3 /* VideoPlayerHelper.swift */,
			);
			path = Helper;
			sourceTree = "<group>";
		};
		41DD000026BC12C9008E5BCC /* Data */ = {
			isa = PBXGroup;
			children = (
				41DD000126BC12E2008E5BCC /* animals.json */,
				41DD000226BC12E2008E5BCC /* covers.json */,
				41DD000426BC12E2008E5BCC /* locations.json */,
				41DD000326BC12E2008E5BCC /* videos.json */,
			);
			path = Data;
			sourceTree = "<group>";
		};
		41DD000926BC14CE008E5BCC /* App */ = {
			isa = PBXGroup;
			children = (
				41DDFFE626BC0DBE008E5BCC /* AfricaApp.swift */,
				41DDFFE826BC0DBE008E5BCC /* ContentView.swift */,
				41DD000A26BC1517008E5BCC /* VideoListView.swift */,
				41DD000C26BC152B008E5BCC /* MapView.swift */,
				41DD000E26BC1545008E5BCC /* GalleryView.swift */,
				41DD001026BC155F008E5BCC /* MainView.swift */,
			);
			path = App;
			sourceTree = "<group>";
		};
		41DD001226BC17E8008E5BCC /* View */ = {
			isa = PBXGroup;
			children = (
				41DD001326BC17F9008E5BCC /* CoverImageView.swift */,
				41DD001B26BC3198008E5BCC /* AnimalListItemView.swift */,
				41DD001F26BD50BC008E5BCC /* AnimalDetailView.swift */,
				412E8DD826BD639000CE44C3 /* InsetMapView.swift */,
				412E8DDA26BD68E700CE44C3 /* ExternalLinkWebView.swift */,
				412E8DDE26BDA9FD00CE44C3 /* VideoListItemView.swift */,
				412E8DE026BDB1E000CE44C3 /* VideoPlayerView.swift */,
				412E8DFB26BDF9D800CE44C3 /* MapAnnotationView.swift */,
			);
			path = View;
			sourceTree = "<group>";
		};
		41DD001526BC1946008E5BCC /* Model */ = {
			isa = PBXGroup;
			children = (
				41DD001626BC1954008E5BCC /* CoverImageModel.swift */,
				41DD001D26BC32E2008E5BCC /* AnimalModel.swift */,
				412E8DDC26BDA8E300CE44C3 /* VideoModel.swift */,
				412E8DF926BDEE3700CE44C3 /* LocationModel.swift */,
			);
			path = Model;
			sourceTree = "<group>";
		};
		41DD001826BC19F1008E5BCC /* Extension */ = {
			isa = PBXGroup;
			children = (
				41DD001926BC1A0D008E5BCC /* CodableBundleExtension.swift */,
			);
			path = Extension;
			sourceTree = "<group>";
		};
		41DDFFDA26BC0DBE008E5BCC = {
			isa = PBXGroup;
			children = (
				41DDFFE526BC0DBE008E5BCC /* Africa */,
				41DDFFE426BC0DBE008E5BCC /* Products */,
			);
			sourceTree = "<group>";
		};
		41DDFFE426BC0DBE008E5BCC /* Products */ = {
			isa = PBXGroup;
			children = (
				41DDFFE326BC0DBE008E5BCC /* Africa.app */,
			);
			name = Products;
			sourceTree = "<group>";
		};
		41DDFFE526BC0DBE008E5BCC /* Africa */ = {
			isa = PBXGroup;
			children = (
				412E8DE226BDB34600CE44C3 /* Helper */,
				41DD001826BC19F1008E5BCC /* Extension */,
				41DD001526BC1946008E5BCC /* Model */,
				41DD001226BC17E8008E5BCC /* View */,
				41DD000026BC12C9008E5BCC /* Data */,
				41DDFFF526BC1252008E5BCC /* Video */,
				41DD000926BC14CE008E5BCC /* App */,
				41DDFFEA26BC0DC1008E5BCC /* Assets.xcassets */,
				41DDFFEF26BC0DC1008E5BCC /* Info.plist */,
				41DDFFEC26BC0DC1008E5BCC /* Preview Content */,
			);
			path = Africa;
			sourceTree = "<group>";
		};
		41DDFFEC26BC0DC1008E5BCC /* Preview Content */ = {
			isa = PBXGroup;
			children = (
				41DDFFED26BC0DC1008E5BCC /* Preview Assets.xcassets */,
			);
			path = "Preview Content";
			sourceTree = "<group>";
		};
		41DDFFF526BC1252008E5BCC /* Video */ = {
			isa = PBXGroup;
			children = (
				41DDFFF626BC1296008E5BCC /* cheetah.mp4 */,
				41DDFFFC26BC1298008E5BCC /* elephant.mp4 */,
				41DDFFF826BC1297008E5BCC /* giraffe.mp4 */,
				41DDFFF926BC1297008E5BCC /* gorilla.mp4 */,
				41DDFFFD26BC1298008E5BCC /* hippo.mp4 */,
				41DDFFF726BC1296008E5BCC /* lion.mp4 */,
				41DDFFFF26BC1299008E5BCC /* lioness.mp4 */,
				41DDFFFA26BC1297008E5BCC /* ostrich.mp4 */,
				41DDFFFB26BC1298008E5BCC /* rhino.mp4 */,
				41DDFFFE26BC1299008E5BCC /* zebra.mp4 */,
			);
			path = Video;
			sourceTree = "<group>";
		};
/* End PBXGroup section */

/* Begin PBXNativeTarget section */
		41DDFFE226BC0DBE008E5BCC /* Africa */ = {
			isa = PBXNativeTarget;
			buildConfigurationList = 41DDFFF226BC0DC1008E5BCC /* Build configuration list for PBXNativeTarget "Africa" */;
			buildPhases = (
				41DDFFDF26BC0DBE008E5BCC /* Sources */,
				41DDFFE026BC0DBE008E5BCC /* Frameworks */,
				41DDFFE126BC0DBE008E5BCC /* Resources */,
			);
			buildRules = (
			);
			dependencies = (
			);
			name = Africa;
			productName = Africa;
			productReference = 41DDFFE326BC0DBE008E5BCC /* Africa.app */;
			productType = "com.apple.product-type.application";
		};
/* End PBXNativeTarget section */

/* Begin PBXProject section */
		41DDFFDB26BC0DBE008E5BCC /* Project object */ = {
			isa = PBXProject;
			attributes = {
				LastSwiftUpdateCheck = 1250;
				LastUpgradeCheck = 1250;
				TargetAttributes = {
					41DDFFE226BC0DBE008E5BCC = {
						CreatedOnToolsVersion = 12.5;
					};
				};
			};
			buildConfigurationList = 41DDFFDE26BC0DBE008E5BCC /* Build configuration list for PBXProject "Africa" */;
			compatibilityVersion = "Xcode 9.3";
			developmentRegion = en;
			hasScannedForEncodings = 0;
			knownRegions = (
				en,
				Base,
			);
			mainGroup = 41DDFFDA26BC0DBE008E5BCC;
			productRefGroup = 41DDFFE426BC0DBE008E5BCC /* Products */;
			projectDirPath = "";
			projectRoot = "";
			targets = (
				41DDFFE226BC0DBE008E5BCC /* Africa */,
			);
		};
/* End PBXProject section */

/* Begin PBXResourcesBuildPhase section */
		41DDFFE126BC0DBE008E5BCC /* Resources */ = {
			isa = PBXResourcesBuildPhase;
			buildActionMask = 2147483647;
			files = (
				41DD000526BC12E2008E5BCC /* animals.json in Resources */,
				41DD000626BC12E2008E5BCC /* covers.json in Resources */,
				41DD000726BC12E2008E5BCC /* videos.json in Resources */,
				412E8DF726BDB93300CE44C3 /* rhino.mp4 in Resources */,
				412E8DEF26BDB93200CE44C3 /* gorilla.mp4 in Resources */,
				412E8DF226BDB93300CE44C3 /* giraffe.mp4 in Resources */,
				412E8DF026BDB93300CE44C3 /* zebra.mp4 in Resources */,
				412E8DF526BDB93300CE44C3 /* hippo.mp4 in Resources */,
				41DDFFEE26BC0DC1008E5BCC /* Preview Assets.xcassets in Resources */,
				412E8DF626BDB93300CE44C3 /* ostrich.mp4 in Resources */,
				41DD000826BC12E2008E5BCC /* locations.json in Resources */,
				412E8DF326BDB93300CE44C3 /* lion.mp4 in Resources */,
				412E8DF826BDB93300CE44C3 /* elephant.mp4 in Resources */,
				41DDFFEB26BC0DC1008E5BCC /* Assets.xcassets in Resources */,
				412E8DF126BDB93300CE44C3 /* cheetah.mp4 in Resources */,
				412E8DF426BDB93300CE44C3 /* lioness.mp4 in Resources */,
			);
			runOnlyForDeploymentPostprocessing = 0;
		};
/* End PBXResourcesBuildPhase section */

/* Begin PBXSourcesBuildPhase section */
		41DDFFDF26BC0DBE008E5BCC /* Sources */ = {
			isa = PBXSourcesBuildPhase;
			buildActionMask = 2147483647;
			files = (
				41DDFFE926BC0DBE008E5BCC /* ContentView.swift in Sources */,
				41DD001C26BC3198008E5BCC /* AnimalListItemView.swift in Sources */,
				412E8DDB26BD68E700CE44C3 /* ExternalLinkWebView.swift in Sources */,
				412E8DE126BDB1E000CE44C3 /* VideoPlayerView.swift in Sources */,
				41DD001126BC155F008E5BCC /* MainView.swift in Sources */,
				41DD001426BC17F9008E5BCC /* CoverImageView.swift in Sources */,
				41DD001726BC1954008E5BCC /* CoverImageModel.swift in Sources */,
				41DD002026BD50BC008E5BCC /* AnimalDetailView.swift in Sources */,
				41DD001E26BC32E2008E5BCC /* AnimalModel.swift in Sources */,
				41DD000D26BC152B008E5BCC /* MapView.swift in Sources */,
				412E8DFC26BDF9D800CE44C3 /* MapAnnotationView.swift in Sources */,
				412E8DFA26BDEE3700CE44C3 /* LocationModel.swift in Sources */,
				41DDFFE726BC0DBE008E5BCC /* AfricaApp.swift in Sources */,
				41DD000B26BC1517008E5BCC /* VideoListView.swift in Sources */,
				412E8DD926BD639000CE44C3 /* InsetMapView.swift in Sources */,
				41DD000F26BC1545008E5BCC /* GalleryView.swift in Sources */,
				412E8DDD26BDA8E300CE44C3 /* VideoModel.swift in Sources */,
				41DD001A26BC1A0D008E5BCC /* CodableBundleExtension.swift in Sources */,
				412E8DE426BDB35F00CE44C3 /* VideoPlayerHelper.swift in Sources */,
				412E8DDF26BDA9FD00CE44C3 /* VideoListItemView.swift in Sources */,
			);
			runOnlyForDeploymentPostprocessing = 0;
		};
/* End PBXSourcesBuildPhase section */

/* Begin XCBuildConfiguration section */
		41DDFFF026BC0DC1008E5BCC /* Debug */ = {
			isa = XCBuildConfiguration;
			buildSettings = {
				ALWAYS_SEARCH_USER_PATHS = NO;
				CLANG_ANALYZER_NONNULL = YES;
				CLANG_ANALYZER_NUMBER_OBJECT_CONVERSION = YES_AGGRESSIVE;
				CLANG_CXX_LANGUAGE_STANDARD = "gnu++14";
				CLANG_CXX_LIBRARY = "libc++";
				CLANG_ENABLE_MODULES = YES;
				CLANG_ENABLE_OBJC_ARC = YES;
				CLANG_ENABLE_OBJC_WEAK = YES;
				CLANG_WARN_BLOCK_CAPTURE_AUTORELEASING = YES;
				CLANG_WARN_BOOL_CONVERSION = YES;
				CLANG_WARN_COMMA = YES;
				CLANG_WARN_CONSTANT_CONVERSION = YES;
				CLANG_WARN_DEPRECATED_OBJC_IMPLEMENTATIONS = YES;
				CLANG_WARN_DIRECT_OBJC_ISA_USAGE = YES_ERROR;
				CLANG_WARN_DOCUMENTATION_COMMENTS = YES;
				CLANG_WARN_EMPTY_BODY = YES;
				CLANG_WARN_ENUM_CONVERSION = YES;
				CLANG_WARN_INFINITE_RECURSION = YES;
				CLANG_WARN_INT_CONVERSION = YES;
				CLANG_WARN_NON_LITERAL_NULL_CONVERSION = YES;
				CLANG_WARN_OBJC_IMPLICIT_RETAIN_SELF = YES;
				CLANG_WARN_OBJC_LITERAL_CONVERSION = YES;
				CLANG_WARN_OBJC_ROOT_CLASS = YES_ERROR;
				CLANG_WARN_QUOTED_INCLUDE_IN_FRAMEWORK_HEADER = YES;
				CLANG_WARN_RANGE_LOOP_ANALYSIS = YES;
				CLANG_WARN_STRICT_PROTOTYPES = YES;
				CLANG_WARN_SUSPICIOUS_MOVE = YES;
				CLANG_WARN_UNGUARDED_AVAILABILITY = YES_AGGRESSIVE;
				CLANG_WARN_UNREACHABLE_CODE = YES;
				CLANG_WARN__DUPLICATE_METHOD_MATCH = YES;
				COPY_PHASE_STRIP = NO;
				DEBUG_INFORMATION_FORMAT = dwarf;
				ENABLE_STRICT_OBJC_MSGSEND = YES;
				ENABLE_TESTABILITY = YES;
				GCC_C_LANGUAGE_STANDARD = gnu11;
				GCC_DYNAMIC_NO_PIC = NO;
				GCC_NO_COMMON_BLOCKS = YES;
				GCC_OPTIMIZATION_LEVEL = 0;
				GCC_PREPROCESSOR_DEFINITIONS = (
					"DEBUG=1",
					"$(inherited)",
				);
				GCC_WARN_64_TO_32_BIT_CONVERSION = YES;
				GCC_WARN_ABOUT_RETURN_TYPE = YES_ERROR;
				GCC_WARN_UNDECLARED_SELECTOR = YES;
				GCC_WARN_UNINITIALIZED_AUTOS = YES_AGGRESSIVE;
				GCC_WARN_UNUSED_FUNCTION = YES;
				GCC_WARN_UNUSED_VARIABLE = YES;
				IPHONEOS_DEPLOYMENT_TARGET = 14.5;
				MTL_ENABLE_DEBUG_INFO = INCLUDE_SOURCE;
				MTL_FAST_MATH = YES;
				ONLY_ACTIVE_ARCH = YES;
				SDKROOT = iphoneos;
				SWIFT_ACTIVE_COMPILATION_CONDITIONS = DEBUG;
				SWIFT_OPTIMIZATION_LEVEL = "-Onone";
			};
			name = Debug;
		};
		41DDFFF126BC0DC1008E5BCC /* Release */ = {
			isa = XCBuildConfiguration;
			buildSettings = {
				ALWAYS_SEARCH_USER_PATHS = NO;
				CLANG_ANALYZER_NONNULL = YES;
				CLANG_ANALYZER_NUMBER_OBJECT_CONVERSION = YES_AGGRESSIVE;
				CLANG_CXX_LANGUAGE_STANDARD = "gnu++14";
				CLANG_CXX_LIBRARY = "libc++";
				CLANG_ENABLE_MODULES = YES;
				CLANG_ENABLE_OBJC_ARC = YES;
				CLANG_ENABLE_OBJC_WEAK = YES;
				CLANG_WARN_BLOCK_CAPTURE_AUTORELEASING = YES;
				CLANG_WARN_BOOL_CONVERSION = YES;
				CLANG_WARN_COMMA = YES;
				CLANG_WARN_CONSTANT_CONVERSION = YES;
				CLANG_WARN_DEPRECATED_OBJC_IMPLEMENTATIONS = YES;
				CLANG_WARN_DIRECT_OBJC_ISA_USAGE = YES_ERROR;
				CLANG_WARN_DOCUMENTATION_COMMENTS = YES;
				CLANG_WARN_EMPTY_BODY = YES;
				CLANG_WARN_ENUM_CONVERSION = YES;
				CLANG_WARN_INFINITE_RECURSION = YES;
				CLANG_WARN_INT_CONVERSION = YES;
				CLANG_WARN_NON_LITERAL_NULL_CONVERSION = YES;
				CLANG_WARN_OBJC_IMPLICIT_RETAIN_SELF = YES;
				CLANG_WARN_OBJC_LITERAL_CONVERSION = YES;
				CLANG_WARN_OBJC_ROOT_CLASS = YES_ERROR;
				CLANG_WARN_QUOTED_INCLUDE_IN_FRAMEWORK_HEADER = YES;
				CLANG_WARN_RANGE_LOOP_ANALYSIS = YES;
				CLANG_WARN_STRICT_PROTOTYPES = YES;
				CLANG_WARN_SUSPICIOUS_MOVE = YES;
				CLANG_WARN_UNGUARDED_AVAILABILITY = YES_AGGRESSIVE;
				CLANG_WARN_UNREACHABLE_CODE = YES;
				CLANG_WARN__DUPLICATE_METHOD_MATCH = YES;
				COPY_PHASE_STRIP = NO;
				DEBUG_INFORMATION_FORMAT = "dwarf-with-dsym";
				ENABLE_NS_ASSERTIONS = NO;
				ENABLE_STRICT_OBJC_MSGSEND = YES;
				GCC_C_LANGUAGE_STANDARD = gnu11;
				GCC_NO_COMMON_BLOCKS = YES;
				GCC_WARN_64_TO_32_BIT_CONVERSION = YES;
				GCC_WARN_ABOUT_RETURN_TYPE = YES_ERROR;
				GCC_WARN_UNDECLARED_SELECTOR = YES;
				GCC_WARN_UNINITIALIZED_AUTOS = YES_AGGRESSIVE;
				GCC_WARN_UNUSED_FUNCTION = YES;
				GCC_WARN_UNUSED_VARIABLE = YES;
				IPHONEOS_DEPLOYMENT_TARGET = 14.5;
				MTL_ENABLE_DEBUG_INFO = NO;
				MTL_FAST_MATH = YES;
				SDKROOT = iphoneos;
				SWIFT_COMPILATION_MODE = wholemodule;
				SWIFT_OPTIMIZATION_LEVEL = "-O";
				VALIDATE_PRODUCT = YES;
			};
			name = Release;
		};
		41DDFFF326BC0DC1008E5BCC /* Debug */ = {
			isa = XCBuildConfiguration;
			buildSettings = {
				ASSETCATALOG_COMPILER_APPICON_NAME = AppIcon;
				ASSETCATALOG_COMPILER_GLOBAL_ACCENT_COLOR_NAME = AccentColor;
				CODE_SIGN_STYLE = Automatic;
				DEVELOPMENT_ASSET_PATHS = "\"Africa/Preview Content\"";
				DEVELOPMENT_TEAM = AZHAQ4522D;
				ENABLE_PREVIEWS = YES;
				INFOPLIST_FILE = Africa/Info.plist;
				IPHONEOS_DEPLOYMENT_TARGET = 14.0;
				LD_RUNPATH_SEARCH_PATHS = (
					"$(inherited)",
					"@executable_path/Frameworks",
				);
				PRODUCT_BUNDLE_IDENTIFIER = com.genius.Africa;
				PRODUCT_NAME = "$(TARGET_NAME)";
				SWIFT_VERSION = 5.0;
				TARGETED_DEVICE_FAMILY = "1,2";
			};
			name = Debug;
		};
		41DDFFF426BC0DC1008E5BCC /* Release */ = {
			isa = XCBuildConfiguration;
			buildSettings = {
				ASSETCATALOG_COMPILER_APPICON_NAME = AppIcon;
				ASSETCATALOG_COMPILER_GLOBAL_ACCENT_COLOR_NAME = AccentColor;
				CODE_SIGN_STYLE = Automatic;
				DEVELOPMENT_ASSET_PATHS = "\"Africa/Preview Content\"";
				DEVELOPMENT_TEAM = AZHAQ4522D;
				ENABLE_PREVIEWS = YES;
				INFOPLIST_FILE = Africa/Info.plist;
				IPHONEOS_DEPLOYMENT_TARGET = 14.0;
				LD_RUNPATH_SEARCH_PATHS = (
					"$(inherited)",
					"@executable_path/Frameworks",
				);
				PRODUCT_BUNDLE_IDENTIFIER = com.genius.Africa;
				PRODUCT_NAME = "$(TARGET_NAME)";
				SWIFT_VERSION = 5.0;
				TARGETED_DEVICE_FAMILY = "1,2";
			};
			name = Release;
		};
/* End XCBuildConfiguration section */

/* Begin XCConfigurationList section */
		41DDFFDE26BC0DBE008E5BCC /* Build configuration list for PBXProject "Africa" */ = {
			isa = XCConfigurationList;
			buildConfigurations = (
				41DDFFF026BC0DC1008E5BCC /* Debug */,
				41DDFFF126BC0DC1008E5BCC /* Release */,
			);
			defaultConfigurationIsVisible = 0;
			defaultConfigurationName = Release;
		};
		41DDFFF226BC0DC1008E5BCC /* Build configuration list for PBXNativeTarget "Africa" */ = {
			isa = XCConfigurationList;
			buildConfigurations = (
				41DDFFF326BC0DC1008E5BCC /* Debug */,
				41DDFFF426BC0DC1008E5BCC /* Release */,
			);
			defaultConfigurationIsVisible = 0;
			defaultConfigurationName = Release;
		};
/* End XCConfigurationList section */
	};
	rootObject = 41DDFFDB26BC0DBE008E5BCC /* Project object */;
}
